schema: '2.0'
stages:
  prepare_data:
    cmd: python src/stage_01_prepare.py
    deps:
    - path: configs/config.yaml
      md5: dc9e3f8e58a22b359dd3b409c1b93108
      size: 328
    - path: data/data.xml
      md5: a304afb96060aad90176268345e10355
      size: 37891850
    - path: src/stage_01_prepare.py
      md5: bcbb2b04977298c6a046c89532926a32
      size: 2055
    - path: src/utils/common.py
      md5: 3cfbdfd226d2347e47c7157ebb9d5e69
      size: 987
    - path: src/utils/data_mgmt.py
      md5: 43f87d4524dcac09021214176777170c
      size: 936
    params:
      params.yaml:
        prepare.seed: 2022
        prepare.split: 0.2
    outs:
    - path: artifacts/prepared/test.tsv
      md5: 2e6fac398a982944b8da090f1e5c6d65
      size: 9561669
    - path: artifacts/prepared/train.tsv
      md5: b93551fea0e247a31110eab7cf2f6c24
      size: 37967789
